// !$*UTF8*$!
{
	archiveVersion = 1;
	classes = {
	};
	objectVersion = 77;
	objects = {

/* Begin PBXContainerItemProxy section */
		A0DE57632CB436830087D784 /* PBXContainerItemProxy */ = {
			isa = PBXContainerItemProxy;
			containerPortal = A0DE57452CB436810087D784 /* Project object */;
			proxyType = 1;
			remoteGlobalIDString = A0DE574C2CB436810087D784;
			remoteInfo = "3d game engine";
		};
		A0DE576D2CB436830087D784 /* PBXContainerItemProxy */ = {
			isa = PBXContainerItemProxy;
			containerPortal = A0DE57452CB436810087D784 /* Project object */;
			proxyType = 1;
			remoteGlobalIDString = A0DE574C2CB436810087D784;
			remoteInfo = "3d game engine";
		};
/* End PBXContainerItemProxy section */

/* Begin PBXFileReference section */
		A0DE574D2CB436810087D784 /* 3d game engine.app */ = {isa = PBXFileReference; explicitFileType = wrapper.application; includeInIndex = 0; path = "3d game engine.app"; sourceTree = BUILT_PRODUCTS_DIR; };
		A0DE57622CB436830087D784 /* 3d game engineTests.xctest */ = {isa = PBXFileReference; explicitFileType = wrapper.cfbundle; includeInIndex = 0; path = "3d game engineTests.xctest"; sourceTree = BUILT_PRODUCTS_DIR; };
		A0DE576C2CB436830087D784 /* 3d game engineUITests.xctest */ = {isa = PBXFileReference; explicitFileType = wrapper.cfbundle; includeInIndex = 0; path = "3d game engineUITests.xctest"; sourceTree = BUILT_PRODUCTS_DIR; };
/* End PBXFileReference section */

/* Begin PBXFileSystemSynchronizedRootGroup section */
		A0DE574F2CB436810087D784 /* 3d game engine */ = {
			isa = PBXFileSystemSynchronizedRootGroup;
			path = "3d game engine";
			sourceTree = "<group>";
		};
		A0DE57652CB436830087D784 /* 3d game engineTests */ = {
			isa = PBXFileSystemSynchronizedRootGroup;
			path = "3d game engineTests";
			sourceTree = "<group>";
		};
		A0DE576F2CB436830087D784 /* 3d game engineUITests */ = {
			isa = PBXFileSystemSynchronizedRootGroup;
			path = "3d game engineUITests";
			sourceTree = "<group>";
		};
/* End PBXFileSystemSynchronizedRootGroup section */

/* Begin PBXFrameworksBuildPhase section */
		A0DE574A2CB436810087D784 /* Frameworks */ = {
			isa = PBXFrameworksBuildPhase;
			buildActionMask = 2147483647;
			files = (
			);
			runOnlyForDeploymentPostprocessing = 0;
		};
		A0DE575F2CB436830087D784 /* Frameworks */ = {
			isa = PBXFrameworksBuildPhase;
			buildActionMask = 2147483647;
			files = (
			);
			runOnlyForDeploymentPostprocessing = 0;
		};
		A0DE57692CB436830087D784 /* Frameworks */ = {
			isa = PBXFrameworksBuildPhase;
			buildActionMask = 2147483647;
			files = (
			);
			runOnlyForDeploymentPostprocessing = 0;
		};
/* End PBXFrameworksBuildPhase section */

/* Begin PBXGroup section */
		A0DE57442CB436810087D784 = {
			isa = PBXGroup;
			children = (
				A0DE574F2CB436810087D784 /* 3d game engine */,
				A0DE57652CB436830087D784 /* 3d game engineTests */,
				A0DE576F2CB436830087D784 /* 3d game engineUITests */,
				A0DE574E2CB436810087D784 /* Products */,
			);
			sourceTree = "<group>";
		};
		A0DE574E2CB436810087D784 /* Products */ = {
			isa = PBXGroup;
			children = (
				A0DE574D2CB436810087D784 /* 3d game engine.app */,
				A0DE57622CB436830087D784 /* 3d game engineTests.xctest */,
				A0DE576C2CB436830087D784 /* 3d game engineUITests.xctest */,
			);
			name = Products;
			sourceTree = "<group>";
		};
/* End PBXGroup section */

/* Begin PBXNativeTarget section */
		A0DE574C2CB436810087D784 /* 3d game engine */ = {
			isa = PBXNativeTarget;
			buildConfigurationList = A0DE57762CB436830087D784 /* Build configuration list for PBXNativeTarget "3d game engine" */;
			buildPhases = (
				A0DE57492CB436810087D784 /* Sources */,
				A0DE574A2CB436810087D784 /* Frameworks */,
				A0DE574B2CB436810087D784 /* Resources */,
			);
			buildRules = (
			);
			dependencies = (
			);
			fileSystemSynchronizedGroups = (
				A0DE574F2CB436810087D784 /* 3d game engine */,
			);
			name = "3d game engine";
			packageProductDependencies = (
			);
			productName = "3d game engine";
			productReference = A0DE574D2CB436810087D784 /* 3d game engine.app */;
			productType = "com.apple.product-type.application";
		};
		A0DE57612CB436830087D784 /* 3d game engineTests */ = {
			isa = PBXNativeTarget;
			buildConfigurationList = A0DE57792CB436830087D784 /* Build configuration list for PBXNativeTarget "3d game engineTests" */;
			buildPhases = (
				A0DE575E2CB436830087D784 /* Sources */,
				A0DE575F2CB436830087D784 /* Frameworks */,
				A0DE57602CB436830087D784 /* Resources */,
			);
			buildRules = (
			);
			dependencies = (
				A0DE57642CB436830087D784 /* PBXTargetDependency */,
			);
			fileSystemSynchronizedGroups = (
				A0DE57652CB436830087D784 /* 3d game engineTests */,
			);
			name = "3d game engineTests";
			packageProductDependencies = (
			);
			productName = "3d game engineTests";
			productReference = A0DE57622CB436830087D784 /* 3d game engineTests.xctest */;
			productType = "com.apple.product-type.bundle.unit-test";
		};
		A0DE576B2CB436830087D784 /* 3d game engineUITests */ = {
			isa = PBXNativeTarget;
			buildConfigurationList = A0DE577C2CB436830087D784 /* Build configuration list for PBXNativeTarget "3d game engineUITests" */;
			buildPhases = (
				A0DE57682CB436830087D784 /* Sources */,
				A0DE57692CB436830087D784 /* Frameworks */,
				A0DE576A2CB436830087D784 /* Resources */,
			);
			buildRules = (
			);
			dependencies = (
				A0DE576E2CB436830087D784 /* PBXTargetDependency */,
			);
			fileSystemSynchronizedGroups = (
				A0DE576F2CB436830087D784 /* 3d game engineUITests */,
			);
			name = "3d game engineUITests";
			packageProductDependencies = (
			);
			productName = "3d game engineUITests";
			productReference = A0DE576C2CB436830087D784 /* 3d game engineUITests.xctest */;
			productType = "com.apple.product-type.bundle.ui-testing";
		};
/* End PBXNativeTarget section */

/* Begin PBXProject section */
		A0DE57452CB436810087D784 /* Project object */ = {
			isa = PBXProject;
			attributes = {
				BuildIndependentTargetsInParallel = 1;
				LastUpgradeCheck = 1600;
				TargetAttributes = {
					A0DE574C2CB436810087D784 = {
						CreatedOnToolsVersion = 16.0;
					};
					A0DE57612CB436830087D784 = {
						CreatedOnToolsVersion = 16.0;
						TestTargetID = A0DE574C2CB436810087D784;
					};
					A0DE576B2CB436830087D784 = {
						CreatedOnToolsVersion = 16.0;
						TestTargetID = A0DE574C2CB436810087D784;
					};
				};
			};
			buildConfigurationList = A0DE57482CB436810087D784 /* Build configuration list for PBXProject "3d game engine" */;
			developmentRegion = en;
			hasScannedForEncodings = 0;
			knownRegions = (
				en,
				Base,
			);
			mainGroup = A0DE57442CB436810087D784;
			minimizedProjectReferenceProxies = 1;
			preferredProjectObjectVersion = 77;
			productRefGroup = A0DE574E2CB436810087D784 /* Products */;
			projectDirPath = "";
			projectRoot = "";
			targets = (
				A0DE574C2CB436810087D784 /* 3d game engine */,
				A0DE57612CB436830087D784 /* 3d game engineTests */,
				A0DE576B2CB436830087D784 /* 3d game engineUITests */,
			);
		};
/* End PBXProject section */

/* Begin PBXResourcesBuildPhase section */
		A0DE574B2CB436810087D784 /* Resources */ = {
			isa = PBXResourcesBuildPhase;
			buildActionMask = 2147483647;
			files = (
			);
			runOnlyForDeploymentPostprocessing = 0;
		};
		A0DE57602CB436830087D784 /* Resources */ = {
			isa = PBXResourcesBuildPhase;
			buildActionMask = 2147483647;
			files = (
			);
			runOnlyForDeploymentPostprocessing = 0;
		};
		A0DE576A2CB436830087D784 /* Resources */ = {
			isa = PBXResourcesBuildPhase;
			buildActionMask = 2147483647;
			files = (
			);
			runOnlyForDeploymentPostprocessing = 0;
		};
/* End PBXResourcesBuildPhase section */

/* Begin PBXSourcesBuildPhase section */
		A0DE57492CB436810087D784 /* Sources */ = {
			isa = PBXSourcesBuildPhase;
			buildActionMask = 2147483647;
			files = (
			);
			runOnlyForDeploymentPostprocessing = 0;
		};
		A0DE575E2CB436830087D784 /* Sources */ = {
			isa = PBXSourcesBuildPhase;
			buildActionMask = 2147483647;
			files = (
			);
			runOnlyForDeploymentPostprocessing = 0;
		};
		A0DE57682CB436830087D784 /* Sources */ = {
			isa = PBXSourcesBuildPhase;
			buildActionMask = 2147483647;
			files = (
			);
			runOnlyForDeploymentPostprocessing = 0;
		};
/* End PBXSourcesBuildPhase section */

/* Begin PBXTargetDependency section */
		A0DE57642CB436830087D784 /* PBXTargetDependency */ = {
			isa = PBXTargetDependency;
			target = A0DE574C2CB436810087D784 /* 3d game engine */;
			targetProxy = A0DE57632CB436830087D784 /* PBXContainerItemProxy */;
		};
		A0DE576E2CB436830087D784 /* PBXTargetDependency */ = {
			isa = PBXTargetDependency;
			target = A0DE574C2CB436810087D784 /* 3d game engine */;
			targetProxy = A0DE576D2CB436830087D784 /* PBXContainerItemProxy */;
		};
/* End PBXTargetDependency section */

/* Begin XCBuildConfiguration section */
		A0DE57742CB436830087D784 /* Debug */ = {
			isa = XCBuildConfiguration;
			buildSettings = {
				ALWAYS_SEARCH_USER_PATHS = NO;
				ASSETCATALOG_COMPILER_GENERATE_SWIFT_ASSET_SYMBOL_EXTENSIONS = YES;
				CLANG_ANALYZER_NONNULL = YES;
				CLANG_ANALYZER_NUMBER_OBJECT_CONVERSION = YES_AGGRESSIVE;
				CLANG_CXX_LANGUAGE_STANDARD = "gnu++20";
				CLANG_ENABLE_MODULES = YES;
				CLANG_ENABLE_OBJC_ARC = YES;
				CLANG_ENABLE_OBJC_WEAK = YES;
				CLANG_WARN_BLOCK_CAPTURE_AUTORELEASING = YES;
				CLANG_WARN_BOOL_CONVERSION = YES;
				CLANG_WARN_COMMA = YES;
				CLANG_WARN_CONSTANT_CONVERSION = YES;
				CLANG_WARN_DEPRECATED_OBJC_IMPLEMENTATIONS = YES;
				CLANG_WARN_DIRECT_OBJC_ISA_USAGE = YES_ERROR;
				CLANG_WARN_DOCUMENTATION_COMMENTS = YES;
				CLANG_WARN_EMPTY_BODY = YES;
				CLANG_WARN_ENUM_CONVERSION = YES;
				CLANG_WARN_INFINITE_RECURSION = YES;
				CLANG_WARN_INT_CONVERSION = YES;
				CLANG_WARN_NON_LITERAL_NULL_CONVERSION = YES;
				CLANG_WARN_OBJC_IMPLICIT_RETAIN_SELF = YES;
				CLANG_WARN_OBJC_LITERAL_CONVERSION = YES;
				CLANG_WARN_OBJC_ROOT_CLASS = YES_ERROR;
				CLANG_WARN_QUOTED_INCLUDE_IN_FRAMEWORK_HEADER = YES;
				CLANG_WARN_RANGE_LOOP_ANALYSIS = YES;
				CLANG_WARN_STRICT_PROTOTYPES = YES;
				CLANG_WARN_SUSPICIOUS_MOVE = YES;
				CLANG_WARN_UNGUARDED_AVAILABILITY = YES_AGGRESSIVE;
				CLANG_WARN_UNREACHABLE_CODE = YES;
				CLANG_WARN__DUPLICATE_METHOD_MATCH = YES;
				COPY_PHASE_STRIP = NO;
				DEBUG_INFORMATION_FORMAT = dwarf;
				ENABLE_STRICT_OBJC_MSGSEND = YES;
				ENABLE_TESTABILITY = YES;
				ENABLE_USER_SCRIPT_SANDBOXING = YES;
				GCC_C_LANGUAGE_STANDARD = gnu17;
				GCC_DYNAMIC_NO_PIC = NO;
				GCC_NO_COMMON_BLOCKS = YES;
				GCC_OPTIMIZATION_LEVEL = 0;
				GCC_PREPROCESSOR_DEFINITIONS = (
					"DEBUG=1",
					"$(inherited)",
				);
				GCC_WARN_64_TO_32_BIT_CONVERSION = YES;
				GCC_WARN_ABOUT_RETURN_TYPE = YES_ERROR;
				GCC_WARN_UNDECLARED_SELECTOR = YES;
				GCC_WARN_UNINITIALIZED_AUTOS = YES_AGGRESSIVE;
				GCC_WARN_UNUSED_FUNCTION = YES;
				GCC_WARN_UNUSED_VARIABLE = YES;
				LOCALIZATION_PREFERS_STRING_CATALOGS = YES;
				MACOSX_DEPLOYMENT_TARGET = 15.0;
				MTL_ENABLE_DEBUG_INFO = INCLUDE_SOURCE;
				MTL_FAST_MATH = YES;
				ONLY_ACTIVE_ARCH = YES;
				SDKROOT = macosx;
			};
			name = Debug;
		};
		A0DE57752CB436830087D784 /* Release */ = {
			isa = XCBuildConfiguration;
			buildSettings = {
				ALWAYS_SEARCH_USER_PATHS = NO;
				ASSETCATALOG_COMPILER_GENERATE_SWIFT_ASSET_SYMBOL_EXTENSIONS = YES;
				CLANG_ANALYZER_NONNULL = YES;
				CLANG_ANALYZER_NUMBER_OBJECT_CONVERSION = YES_AGGRESSIVE;
				CLANG_CXX_LANGUAGE_STANDARD = "gnu++20";
				CLANG_ENABLE_MODULES = YES;
				CLANG_ENABLE_OBJC_ARC = YES;
				CLANG_ENABLE_OBJC_WEAK = YES;
				CLANG_WARN_BLOCK_CAPTURE_AUTORELEASING = YES;
				CLANG_WARN_BOOL_CONVERSION = YES;
				CLANG_WARN_COMMA = YES;
				CLANG_WARN_CONSTANT_CONVERSION = YES;
				CLANG_WARN_DEPRECATED_OBJC_IMPLEMENTATIONS = YES;
				CLANG_WARN_DIRECT_OBJC_ISA_USAGE = YES_ERROR;
				CLANG_WARN_DOCUMENTATION_COMMENTS = YES;
				CLANG_WARN_EMPTY_BODY = YES;
				CLANG_WARN_ENUM_CONVERSION = YES;
				CLANG_WARN_INFINITE_RECURSION = YES;
				CLANG_WARN_INT_CONVERSION = YES;
				CLANG_WARN_NON_LITERAL_NULL_CONVERSION = YES;
				CLANG_WARN_OBJC_IMPLICIT_RETAIN_SELF = YES;
				CLANG_WARN_OBJC_LITERAL_CONVERSION = YES;
				CLANG_WARN_OBJC_ROOT_CLASS = YES_ERROR;
				CLANG_WARN_QUOTED_INCLUDE_IN_FRAMEWORK_HEADER = YES;
				CLANG_WARN_RANGE_LOOP_ANALYSIS = YES;
				CLANG_WARN_STRICT_PROTOTYPES = YES;
				CLANG_WARN_SUSPICIOUS_MOVE = YES;
				CLANG_WARN_UNGUARDED_AVAILABILITY = YES_AGGRESSIVE;
				CLANG_WARN_UNREACHABLE_CODE = YES;
				CLANG_WARN__DUPLICATE_METHOD_MATCH = YES;
				COPY_PHASE_STRIP = NO;
				DEBUG_INFORMATION_FORMAT = "dwarf-with-dsym";
				ENABLE_NS_ASSERTIONS = NO;
				ENABLE_STRICT_OBJC_MSGSEND = YES;
				ENABLE_USER_SCRIPT_SANDBOXING = YES;
				GCC_C_LANGUAGE_STANDARD = gnu17;
				GCC_NO_COMMON_BLOCKS = YES;
				GCC_WARN_64_TO_32_BIT_CONVERSION = YES;
				GCC_WARN_ABOUT_RETURN_TYPE = YES_ERROR;
				GCC_WARN_UNDECLARED_SELECTOR = YES;
				GCC_WARN_UNINITIALIZED_AUTOS = YES_AGGRESSIVE;
				GCC_WARN_UNUSED_FUNCTION = YES;
				GCC_WARN_UNUSED_VARIABLE = YES;
				LOCALIZATION_PREFERS_STRING_CATALOGS = YES;
				MACOSX_DEPLOYMENT_TARGET = 15.0;
				MTL_ENABLE_DEBUG_INFO = NO;
				MTL_FAST_MATH = YES;
				SDKROOT = macosx;
			};
			name = Release;
		};
		A0DE57772CB436830087D784 /* Debug */ = {
			isa = XCBuildConfiguration;
			buildSettings = {
				ASSETCATALOG_COMPILER_APPICON_NAME = AppIcon;
				ASSETCATALOG_COMPILER_GLOBAL_ACCENT_COLOR_NAME = AccentColor;
				CODE_SIGN_ENTITLEMENTS = "3d game engine/_d_game_engine.entitlements";
				CODE_SIGN_STYLE = Automatic;
				COMBINE_HIDPI_IMAGES = YES;
				CURRENT_PROJECT_VERSION = 1;
				DEVELOPMENT_TEAM = KD635MZ77D;
				ENABLE_HARDENED_RUNTIME = YES;
				GENERATE_INFOPLIST_FILE = YES;
				INFOPLIST_KEY_NSHumanReadableCopyright = "";
				INFOPLIST_KEY_NSMainStoryboardFile = Main;
				INFOPLIST_KEY_NSPrincipalClass = NSApplication;
				LD_RUNPATH_SEARCH_PATHS = (
					"$(inherited)",
					"@executable_path/../Frameworks",
				);
				MARKETING_VERSION = 1.0;
				PRODUCT_BUNDLE_IDENTIFIER = "xyz.-d-game-engine";
				PRODUCT_NAME = "$(TARGET_NAME)";
				SWIFT_EMIT_LOC_STRINGS = YES;
			};
			name = Debug;
		};
		A0DE57782CB436830087D784 /* Release */ = {
			isa = XCBuildConfiguration;
			buildSettings = {
				ASSETCATALOG_COMPILER_APPICON_NAME = AppIcon;
				ASSETCATALOG_COMPILER_GLOBAL_ACCENT_COLOR_NAME = AccentColor;
				CODE_SIGN_ENTITLEMENTS = "3d game engine/_d_game_engine.entitlements";
				CODE_SIGN_STYLE = Automatic;
				COMBINE_HIDPI_IMAGES = YES;
				CURRENT_PROJECT_VERSION = 1;
				DEVELOPMENT_TEAM = KD635MZ77D;
				ENABLE_HARDENED_RUNTIME = YES;
				GENERATE_INFOPLIST_FILE = YES;
				INFOPLIST_KEY_NSHumanReadableCopyright = "";
				INFOPLIST_KEY_NSMainStoryboardFile = Main;
				INFOPLIST_KEY_NSPrincipalClass = NSApplication;
				LD_RUNPATH_SEARCH_PATHS = (
					"$(inherited)",
					"@executable_path/../Frameworks",
				);
				MARKETING_VERSION = 1.0;
				PRODUCT_BUNDLE_IDENTIFIER = "xyz.-d-game-engine";
				PRODUCT_NAME = "$(TARGET_NAME)";
				SWIFT_EMIT_LOC_STRINGS = YES;
			};
			name = Release;
		};
		A0DE577A2CB436830087D784 /* Debug */ = {
			isa = XCBuildConfiguration;
			buildSettings = {
				BUNDLE_LOADER = "$(TEST_HOST)";
				CODE_SIGN_STYLE = Automatic;
				CURRENT_PROJECT_VERSION = 1;
				DEVELOPMENT_TEAM = KD635MZ77D;
				GENERATE_INFOPLIST_FILE = YES;
				MACOSX_DEPLOYMENT_TARGET = 15.0;
				MARKETING_VERSION = 1.0;
				PRODUCT_BUNDLE_IDENTIFIER = "xyz.-d-game-engineTests";
				PRODUCT_NAME = "$(TARGET_NAME)";
				SWIFT_EMIT_LOC_STRINGS = NO;
				TEST_HOST = "$(BUILT_PRODUCTS_DIR)/3d game engine.app/$(BUNDLE_EXECUTABLE_FOLDER_PATH)/3d game engine";
			};
			name = Debug;
		};
		A0DE577B2CB436830087D784 /* Release */ = {
			isa = XCBuildConfiguration;
			buildSettings = {
				BUNDLE_LOADER = "$(TEST_HOST)";
				CODE_SIGN_STYLE = Automatic;
				CURRENT_PROJECT_VERSION = 1;
				DEVELOPMENT_TEAM = KD635MZ77D;
				GENERATE_INFOPLIST_FILE = YES;
				MACOSX_DEPLOYMENT_TARGET = 15.0;
				MARKETING_VERSION = 1.0;
				PRODUCT_BUNDLE_IDENTIFIER = "xyz.-d-game-engineTests";
				PRODUCT_NAME = "$(TARGET_NAME)";
				SWIFT_EMIT_LOC_STRINGS = NO;
				TEST_HOST = "$(BUILT_PRODUCTS_DIR)/3d game engine.app/$(BUNDLE_EXECUTABLE_FOLDER_PATH)/3d game engine";
			};
			name = Release;
		};
		A0DE577D2CB436830087D784 /* Debug */ = {
			isa = XCBuildConfiguration;
			buildSettings = {
				CODE_SIGN_STYLE = Automatic;
				CURRENT_PROJECT_VERSION = 1;
				DEVELOPMENT_TEAM = KD635MZ77D;
				GENERATE_INFOPLIST_FILE = YES;
				MARKETING_VERSION = 1.0;
				PRODUCT_BUNDLE_IDENTIFIER = "xyz.-d-game-engineUITests";
				PRODUCT_NAME = "$(TARGET_NAME)";
				SWIFT_EMIT_LOC_STRINGS = NO;
				TEST_TARGET_NAME = "3d game engine";
			};
			name = Debug;
		};
		A0DE577E2CB436830087D784 /* Release */ = {
			isa = XCBuildConfiguration;
			buildSettings = {
				CODE_SIGN_STYLE = Automatic;
				CURRENT_PROJECT_VERSION = 1;
				DEVELOPMENT_TEAM = KD635MZ77D;
				GENERATE_INFOPLIST_FILE = YES;
				MARKETING_VERSION = 1.0;
				PRODUCT_BUNDLE_IDENTIFIER = "xyz.-d-game-engineUITests";
				PRODUCT_NAME = "$(TARGET_NAME)";
				SWIFT_EMIT_LOC_STRINGS = NO;
				TEST_TARGET_NAME = "3d game engine";
			};
			name = Release;
		};
/* End XCBuildConfiguration section */

/* Begin XCConfigurationList section */
		A0DE57482CB436810087D784 /* Build configuration list for PBXProject "3d game engine" */ = {
			isa = XCConfigurationList;
			buildConfigurations = (
				A0DE57742CB436830087D784 /* Debug */,
				A0DE57752CB436830087D784 /* Release */,
			);
			defaultConfigurationIsVisible = 0;
			defaultConfigurationName = Release;
		};
		A0DE57762CB436830087D784 /* Build configuration list for PBXNativeTarget "3d game engine" */ = {
			isa = XCConfigurationList;
			buildConfigurations = (
				A0DE57772CB436830087D784 /* Debug */,
				A0DE57782CB436830087D784 /* Release */,
			);
			defaultConfigurationIsVisible = 0;
			defaultConfigurationName = Release;
		};
		A0DE57792CB436830087D784 /* Build configuration list for PBXNativeTarget "3d game engineTests" */ = {
			isa = XCConfigurationList;
			buildConfigurations = (
				A0DE577A2CB436830087D784 /* Debug */,
				A0DE577B2CB436830087D784 /* Release */,
			);
			defaultConfigurationIsVisible = 0;
			defaultConfigurationName = Release;
		};
		A0DE577C2CB436830087D784 /* Build configuration list for PBXNativeTarget "3d game engineUITests" */ = {
			isa = XCConfigurationList;
			buildConfigurations = (
				A0DE577D2CB436830087D784 /* Debug */,
				A0DE577E2CB436830087D784 /* Release */,
			);
			defaultConfigurationIsVisible = 0;
			defaultConfigurationName = Release;
		};
/* End XCConfigurationList section */
	};
	rootObject = A0DE57452CB436810087D784 /* Project object */;
}
